
Microsoft Visual Studio Solution File, Format Version 12.00
# Visual Studio Version 17
VisualStudioVersion = 17.2.32516.85
MinimumVisualStudioVersion = 10.0.40219.1
Project("{9A19103F-16F7-4668-BE54-9A1E7A4F7556}") = "development-resources-csharp", "development-resources-csharp\development-resources-csharp.csproj", "{EB7B0CED-84D3-4D75-B26B-B62D47C5DF8B}"
EndProject
Global
	GlobalSection(SolutionConfigurationPlatforms) = preSolution
		Debug|Any CPU = Debug|Any CPU
		Release|Any CPU = Release|Any CPU
	EndGlobalSection
	GlobalSection(ProjectConfigurationPlatforms) = postSolution
		{EB7B0CED-84D3-4D75-B26B-B62D47C5DF8B}.Debug|Any CPU.ActiveCfg = Debug|Any CPU
		{EB7B0CED-84D3-4D75-B26B-B62D47C5DF8B}.Debug|Any CPU.Build.0 = Debug|Any CPU
		{EB7B0CED-84D3-4D75-B26B-B62D47C5DF8B}.Release|Any CPU.ActiveCfg = Release|Any CPU
		{EB7B0CED-84D3-4D75-B26B-B62D47C5DF8B}.Release|Any CPU.Build.0 = Release|Any CPU
	EndGlobalSection
	GlobalSection(SolutionProperties) = preSolution
		HideSolutionNode = FALSE
	EndGlobalSection
	GlobalSection(ExtensibilityGlobals) = postSolution
		SolutionGuid = {BB02835E-64B6-459C-93C9-A95BFFEC169F}
	EndGlobalSection
EndGlobal
